<Solution>
  <Folder Name="/src/">
    <Project Path="src/Rekindling.ModLoader.API/Rekindling.ModLoader.API.csproj" />
    <Project Path="src/Rekindling.ModLoader/Rekindling.ModLoader.csproj" />
  </Folder>
  <Folder Name="/tests/">
    <Project Path="tests/Rekindling.ModLoader.Tests/Rekindling.ModLoader.Tests.csproj" />
  </Folder>
</Solution>
